// !$*UTF8*$!
{
	archiveVersion = 1;
	classes = {
	};
	objectVersion = 56;
	objects = {

/* Begin PBXBuildFile section */
		8F3380372924BB87009AF898 /* HomeViewController.swift in Sources */ = {isa = PBXBuildFile; fileRef = 8F3380362924BB87009AF898 /* HomeViewController.swift */; };
		8F3380392924BBCA009AF898 /* TabBarController.swift in Sources */ = {isa = PBXBuildFile; fileRef = 8F3380382924BBCA009AF898 /* TabBarController.swift */; };
		8F33803B2924EE85009AF898 /* MyInfoViewController.swift in Sources */ = {isa = PBXBuildFile; fileRef = 8F33803A2924EE85009AF898 /* MyInfoViewController.swift */; };
		8F33803D2924EF74009AF898 /* MyInfoView.swift in Sources */ = {isa = PBXBuildFile; fileRef = 8F33803C2924EF74009AF898 /* MyInfoView.swift */; };
		8F33804029251ED4009AF898 /* InfoManagementViewController.swift in Sources */ = {isa = PBXBuildFile; fileRef = 8F33803F29251ED4009AF898 /* InfoManagementViewController.swift */; };
		8F33804229251F0D009AF898 /* InfoManagementView.swift in Sources */ = {isa = PBXBuildFile; fileRef = 8F33804129251F0D009AF898 /* InfoManagementView.swift */; };
		8F33804429251F80009AF898 /* MyDetailInfoView.swift in Sources */ = {isa = PBXBuildFile; fileRef = 8F33804329251F80009AF898 /* MyDetailInfoView.swift */; };
		8F3380472925212D009AF898 /* InfoCustomCells.swift in Sources */ = {isa = PBXBuildFile; fileRef = 8F3380462925212D009AF898 /* InfoCustomCells.swift */; };
		8F367FC12926286F006CEB55 /* ProfileCardView.swift in Sources */ = {isa = PBXBuildFile; fileRef = 8F367FC02926286F006CEB55 /* ProfileCardView.swift */; };
		8F367FC329263C0F006CEB55 /* InfoTableView.swift in Sources */ = {isa = PBXBuildFile; fileRef = 8F367FC229263C0F006CEB55 /* InfoTableView.swift */; };
		8F3A1A0D29290FA700BCF0E8 /* HomeView.swift in Sources */ = {isa = PBXBuildFile; fileRef = 8F3A1A0C29290FA700BCF0E8 /* HomeView.swift */; };
		8F3DE1E0292282550009D638 /* APIKeys.swift in Sources */ = {isa = PBXBuildFile; fileRef = 8F3DE1DF292282550009D638 /* APIKeys.swift */; };
		8F3DE1E2292282740009D638 /* APIManager.swift in Sources */ = {isa = PBXBuildFile; fileRef = 8F3DE1E1292282740009D638 /* APIManager.swift */; };
		8F3DE1E62922855F0009D638 /* Alamofire in Frameworks */ = {isa = PBXBuildFile; productRef = 8F3DE1E52922855F0009D638 /* Alamofire */; };
		8F3FA5B4291B2A3100379423 /* NickNameView.swift in Sources */ = {isa = PBXBuildFile; fileRef = 8F3FA5B3291B2A3100379423 /* NickNameView.swift */; };
		8F3FA5B6291B2F5D00379423 /* NickNameViewController.swift in Sources */ = {isa = PBXBuildFile; fileRef = 8F3FA5B5291B2F5D00379423 /* NickNameViewController.swift */; };
		8F3FA5C4291B850000379423 /* .gitignore in Resources */ = {isa = PBXBuildFile; fileRef = 8F3FA5C3291B850000379423 /* .gitignore */; };
		8F3FA5C9291BA55400379423 /* FirebaseAnalyticsWithoutAdIdSupport in Frameworks */ = {isa = PBXBuildFile; productRef = 8F3FA5C8291BA55400379423 /* FirebaseAnalyticsWithoutAdIdSupport */; };
		8F3FA5CB291BA55400379423 /* FirebaseAuth in Frameworks */ = {isa = PBXBuildFile; productRef = 8F3FA5CA291BA55400379423 /* FirebaseAuth */; };
		8F3FA5CD291BA55400379423 /* FirebaseCrashlytics in Frameworks */ = {isa = PBXBuildFile; productRef = 8F3FA5CC291BA55400379423 /* FirebaseCrashlytics */; };
		8F3FA5CF291BA55400379423 /* FirebaseMessaging in Frameworks */ = {isa = PBXBuildFile; productRef = 8F3FA5CE291BA55400379423 /* FirebaseMessaging */; };
		8F3FA5D2291BDC8900379423 /* BirthdayView.swift in Sources */ = {isa = PBXBuildFile; fileRef = 8F3FA5D1291BDC8900379423 /* BirthdayView.swift */; };
		8F3FA5D4291BE76100379423 /* BirthdayViewController.swift in Sources */ = {isa = PBXBuildFile; fileRef = 8F3FA5D3291BE76100379423 /* BirthdayViewController.swift */; };
		8F4003F3291A22220040D91B /* BaseViewController.swift in Sources */ = {isa = PBXBuildFile; fileRef = 8F4003F2291A22220040D91B /* BaseViewController.swift */; };
		8F4003F9291A29DD0040D91B /* Transition+Extensions.swift in Sources */ = {isa = PBXBuildFile; fileRef = 8F4003F8291A29DD0040D91B /* Transition+Extensions.swift */; };
		8F4003FB291A593E0040D91B /* String+Extension.swift in Sources */ = {isa = PBXBuildFile; fileRef = 8F4003FA291A593E0040D91B /* String+Extension.swift */; };
		8F4003FF291A9EE20040D91B /* Toast in Frameworks */ = {isa = PBXBuildFile; productRef = 8F4003FE291A9EE20040D91B /* Toast */; };
		8F4245702918D45200DDC3BE /* AppDelegate.swift in Sources */ = {isa = PBXBuildFile; fileRef = 8F42456F2918D45200DDC3BE /* AppDelegate.swift */; };
		8F4245722918D45200DDC3BE /* SceneDelegate.swift in Sources */ = {isa = PBXBuildFile; fileRef = 8F4245712918D45200DDC3BE /* SceneDelegate.swift */; };
		8F4245742918D45200DDC3BE /* ViewController.swift in Sources */ = {isa = PBXBuildFile; fileRef = 8F4245732918D45200DDC3BE /* ViewController.swift */; };
		8F4245772918D45200DDC3BE /* Main.storyboard in Resources */ = {isa = PBXBuildFile; fileRef = 8F4245752918D45200DDC3BE /* Main.storyboard */; };
		8F4245792918D45300DDC3BE /* Assets.xcassets in Resources */ = {isa = PBXBuildFile; fileRef = 8F4245782918D45300DDC3BE /* Assets.xcassets */; };
		8F42457C2918D45300DDC3BE /* LaunchScreen.storyboard in Resources */ = {isa = PBXBuildFile; fileRef = 8F42457A2918D45300DDC3BE /* LaunchScreen.storyboard */; };
		8F42458A2918DD0500DDC3BE /* Intro.storyboard in Resources */ = {isa = PBXBuildFile; fileRef = 8F4245892918DD0500DDC3BE /* Intro.storyboard */; };
		8F42458E2918FE9600DDC3BE /* LogInView.swift in Sources */ = {isa = PBXBuildFile; fileRef = 8F42458D2918FE9600DDC3BE /* LogInView.swift */; };
		8F4245942919007300DDC3BE /* SnapKit in Frameworks */ = {isa = PBXBuildFile; productRef = 8F4245932919007300DDC3BE /* SnapKit */; };
		8F424596291900DC00DDC3BE /* BaseView.swift in Sources */ = {isa = PBXBuildFile; fileRef = 8F424595291900DC00DDC3BE /* BaseView.swift */; };
		8F4245992919025B00DDC3BE /* Color.swift in Sources */ = {isa = PBXBuildFile; fileRef = 8F4245982919025B00DDC3BE /* Color.swift */; };
		8F42459C291903B000DDC3BE /* CustomButtons.swift in Sources */ = {isa = PBXBuildFile; fileRef = 8F42459B291903B000DDC3BE /* CustomButtons.swift */; };
		8F4245A2291905FC00DDC3BE /* Constants.swift in Sources */ = {isa = PBXBuildFile; fileRef = 8F4245A1291905FC00DDC3BE /* Constants.swift */; };
		8F4245A529190CD400DDC3BE /* PhoneAuthView.swift in Sources */ = {isa = PBXBuildFile; fileRef = 8F4245A429190CD400DDC3BE /* PhoneAuthView.swift */; };
		8F4245A729190D9F00DDC3BE /* PhoneAuthViewController.swift in Sources */ = {isa = PBXBuildFile; fileRef = 8F4245A629190D9F00DDC3BE /* PhoneAuthViewController.swift */; };
		8F4245A929194C1E00DDC3BE /* LogInViewModel.swift in Sources */ = {isa = PBXBuildFile; fileRef = 8F4245A829194C1E00DDC3BE /* LogInViewModel.swift */; };
		8F4245AD29194CAD00DDC3BE /* RxCocoa in Frameworks */ = {isa = PBXBuildFile; productRef = 8F4245AC29194CAD00DDC3BE /* RxCocoa */; };
		8F4245AF29194CAD00DDC3BE /* RxSwift in Frameworks */ = {isa = PBXBuildFile; productRef = 8F4245AE29194CAD00DDC3BE /* RxSwift */; };
		8F4245B129194EA700DDC3BE /* EnterPhoneNumberView.swift in Sources */ = {isa = PBXBuildFile; fileRef = 8F4245B029194EA700DDC3BE /* EnterPhoneNumberView.swift */; };
		8F4245B3291951FB00DDC3BE /* EnterPhoneNumberViewController.swift in Sources */ = {isa = PBXBuildFile; fileRef = 8F4245B2291951FB00DDC3BE /* EnterPhoneNumberViewController.swift */; };
		8F447E232923173300E7D19D /* EndPoint.swift in Sources */ = {isa = PBXBuildFile; fileRef = 8F447E222923173300E7D19D /* EndPoint.swift */; };
		8F447E26292357F700E7D19D /* UserDefaultManager.swift in Sources */ = {isa = PBXBuildFile; fileRef = 8F447E25292357F700E7D19D /* UserDefaultManager.swift */; };
		8F447E28292395B100E7D19D /* GoogleService-Info.plist in Resources */ = {isa = PBXBuildFile; fileRef = 8F447E27292395B100E7D19D /* GoogleService-Info.plist */; };
		8F564CA129210FB40035329C /* GenderView.swift in Sources */ = {isa = PBXBuildFile; fileRef = 8F564CA029210FB40035329C /* GenderView.swift */; };
		8F564CA329210FBD0035329C /* GenderViewController.swift in Sources */ = {isa = PBXBuildFile; fileRef = 8F564CA229210FBD0035329C /* GenderViewController.swift */; };
		8F5B7D26292710A10022554B /* WithdrawViewController.swift in Sources */ = {isa = PBXBuildFile; fileRef = 8F5B7D25292710A10022554B /* WithdrawViewController.swift */; };
		8F5B7D2A29274F560022554B /* MultiSlider in Frameworks */ = {isa = PBXBuildFile; productRef = 8F5B7D2929274F560022554B /* MultiSlider */; };
		8F5B7D2D29277DDA0022554B /* MyInfo.swift in Sources */ = {isa = PBXBuildFile; fileRef = 8F5B7D2C29277DDA0022554B /* MyInfo.swift */; };
		8F6082B2291F89D4008B6E58 /* EmailView.swift in Sources */ = {isa = PBXBuildFile; fileRef = 8F6082B1291F89D4008B6E58 /* EmailView.swift */; };
		8F6082B4291F8A98008B6E58 /* EmailViewController.swift in Sources */ = {isa = PBXBuildFile; fileRef = 8F6082B3291F8A98008B6E58 /* EmailViewController.swift */; };
/* End PBXBuildFile section */

/* Begin PBXFileReference section */
		8F3380362924BB87009AF898 /* HomeViewController.swift */ = {isa = PBXFileReference; lastKnownFileType = sourcecode.swift; path = HomeViewController.swift; sourceTree = "<group>"; };
		8F3380382924BBCA009AF898 /* TabBarController.swift */ = {isa = PBXFileReference; lastKnownFileType = sourcecode.swift; path = TabBarController.swift; sourceTree = "<group>"; };
		8F33803A2924EE85009AF898 /* MyInfoViewController.swift */ = {isa = PBXFileReference; lastKnownFileType = sourcecode.swift; path = MyInfoViewController.swift; sourceTree = "<group>"; };
		8F33803C2924EF74009AF898 /* MyInfoView.swift */ = {isa = PBXFileReference; lastKnownFileType = sourcecode.swift; path = MyInfoView.swift; sourceTree = "<group>"; };
		8F33803F29251ED4009AF898 /* InfoManagementViewController.swift */ = {isa = PBXFileReference; lastKnownFileType = sourcecode.swift; path = InfoManagementViewController.swift; sourceTree = "<group>"; };
		8F33804129251F0D009AF898 /* InfoManagementView.swift */ = {isa = PBXFileReference; lastKnownFileType = sourcecode.swift; path = InfoManagementView.swift; sourceTree = "<group>"; };
		8F33804329251F80009AF898 /* MyDetailInfoView.swift */ = {isa = PBXFileReference; lastKnownFileType = sourcecode.swift; path = MyDetailInfoView.swift; sourceTree = "<group>"; };
		8F3380462925212D009AF898 /* InfoCustomCells.swift */ = {isa = PBXFileReference; lastKnownFileType = sourcecode.swift; path = InfoCustomCells.swift; sourceTree = "<group>"; };
		8F367FC02926286F006CEB55 /* ProfileCardView.swift */ = {isa = PBXFileReference; lastKnownFileType = sourcecode.swift; path = ProfileCardView.swift; sourceTree = "<group>"; };
		8F367FC229263C0F006CEB55 /* InfoTableView.swift */ = {isa = PBXFileReference; lastKnownFileType = sourcecode.swift; path = InfoTableView.swift; sourceTree = "<group>"; };
		8F3A1A0C29290FA700BCF0E8 /* HomeView.swift */ = {isa = PBXFileReference; lastKnownFileType = sourcecode.swift; path = HomeView.swift; sourceTree = "<group>"; };
		8F3DE1DF292282550009D638 /* APIKeys.swift */ = {isa = PBXFileReference; lastKnownFileType = sourcecode.swift; path = APIKeys.swift; sourceTree = "<group>"; };
		8F3DE1E1292282740009D638 /* APIManager.swift */ = {isa = PBXFileReference; lastKnownFileType = sourcecode.swift; path = APIManager.swift; sourceTree = "<group>"; };
		8F3FA5B3291B2A3100379423 /* NickNameView.swift */ = {isa = PBXFileReference; lastKnownFileType = sourcecode.swift; path = NickNameView.swift; sourceTree = "<group>"; };
		8F3FA5B5291B2F5D00379423 /* NickNameViewController.swift */ = {isa = PBXFileReference; lastKnownFileType = sourcecode.swift; path = NickNameViewController.swift; sourceTree = "<group>"; };
		8F3FA5C3291B850000379423 /* .gitignore */ = {isa = PBXFileReference; lastKnownFileType = text; path = .gitignore; sourceTree = "<group>"; };
		8F3FA5D1291BDC8900379423 /* BirthdayView.swift */ = {isa = PBXFileReference; lastKnownFileType = sourcecode.swift; path = BirthdayView.swift; sourceTree = "<group>"; };
		8F3FA5D3291BE76100379423 /* BirthdayViewController.swift */ = {isa = PBXFileReference; lastKnownFileType = sourcecode.swift; path = BirthdayViewController.swift; sourceTree = "<group>"; };
		8F4003F2291A22220040D91B /* BaseViewController.swift */ = {isa = PBXFileReference; lastKnownFileType = sourcecode.swift; path = BaseViewController.swift; sourceTree = "<group>"; };
		8F4003F8291A29DD0040D91B /* Transition+Extensions.swift */ = {isa = PBXFileReference; lastKnownFileType = sourcecode.swift; path = "Transition+Extensions.swift"; sourceTree = "<group>"; };
		8F4003FA291A593E0040D91B /* String+Extension.swift */ = {isa = PBXFileReference; lastKnownFileType = sourcecode.swift; path = "String+Extension.swift"; sourceTree = "<group>"; };
		8F42456C2918D45200DDC3BE /* SLP_FindStudyMembers.app */ = {isa = PBXFileReference; explicitFileType = wrapper.application; includeInIndex = 0; path = SLP_FindStudyMembers.app; sourceTree = BUILT_PRODUCTS_DIR; };
		8F42456F2918D45200DDC3BE /* AppDelegate.swift */ = {isa = PBXFileReference; lastKnownFileType = sourcecode.swift; path = AppDelegate.swift; sourceTree = "<group>"; };
		8F4245712918D45200DDC3BE /* SceneDelegate.swift */ = {isa = PBXFileReference; lastKnownFileType = sourcecode.swift; path = SceneDelegate.swift; sourceTree = "<group>"; };
		8F4245732918D45200DDC3BE /* ViewController.swift */ = {isa = PBXFileReference; lastKnownFileType = sourcecode.swift; path = ViewController.swift; sourceTree = "<group>"; };
		8F4245762918D45200DDC3BE /* Base */ = {isa = PBXFileReference; lastKnownFileType = file.storyboard; name = Base; path = Base.lproj/Main.storyboard; sourceTree = "<group>"; };
		8F4245782918D45300DDC3BE /* Assets.xcassets */ = {isa = PBXFileReference; lastKnownFileType = folder.assetcatalog; path = Assets.xcassets; sourceTree = "<group>"; };
		8F42457B2918D45300DDC3BE /* Base */ = {isa = PBXFileReference; lastKnownFileType = file.storyboard; name = Base; path = Base.lproj/LaunchScreen.storyboard; sourceTree = "<group>"; };
		8F42457D2918D45300DDC3BE /* Info.plist */ = {isa = PBXFileReference; lastKnownFileType = text.plist.xml; path = Info.plist; sourceTree = "<group>"; };
		8F4245892918DD0500DDC3BE /* Intro.storyboard */ = {isa = PBXFileReference; lastKnownFileType = file.storyboard; path = Intro.storyboard; sourceTree = "<group>"; };
		8F42458D2918FE9600DDC3BE /* LogInView.swift */ = {isa = PBXFileReference; lastKnownFileType = sourcecode.swift; path = LogInView.swift; sourceTree = "<group>"; };
		8F424595291900DC00DDC3BE /* BaseView.swift */ = {isa = PBXFileReference; lastKnownFileType = sourcecode.swift; path = BaseView.swift; sourceTree = "<group>"; };
		8F4245982919025B00DDC3BE /* Color.swift */ = {isa = PBXFileReference; lastKnownFileType = sourcecode.swift; path = Color.swift; sourceTree = "<group>"; };
		8F42459B291903B000DDC3BE /* CustomButtons.swift */ = {isa = PBXFileReference; lastKnownFileType = sourcecode.swift; path = CustomButtons.swift; sourceTree = "<group>"; };
		8F42459F2919049100DDC3BE /* Todo.md */ = {isa = PBXFileReference; lastKnownFileType = net.daringfireball.markdown; path = Todo.md; sourceTree = "<group>"; };
		8F4245A0291904A200DDC3BE /* README.md */ = {isa = PBXFileReference; lastKnownFileType = net.daringfireball.markdown; path = README.md; sourceTree = "<group>"; };
		8F4245A1291905FC00DDC3BE /* Constants.swift */ = {isa = PBXFileReference; lastKnownFileType = sourcecode.swift; path = Constants.swift; sourceTree = "<group>"; };
		8F4245A429190CD400DDC3BE /* PhoneAuthView.swift */ = {isa = PBXFileReference; lastKnownFileType = sourcecode.swift; path = PhoneAuthView.swift; sourceTree = "<group>"; };
		8F4245A629190D9F00DDC3BE /* PhoneAuthViewController.swift */ = {isa = PBXFileReference; lastKnownFileType = sourcecode.swift; path = PhoneAuthViewController.swift; sourceTree = "<group>"; };
		8F4245A829194C1E00DDC3BE /* LogInViewModel.swift */ = {isa = PBXFileReference; lastKnownFileType = sourcecode.swift; path = LogInViewModel.swift; sourceTree = "<group>"; };
		8F4245B029194EA700DDC3BE /* EnterPhoneNumberView.swift */ = {isa = PBXFileReference; lastKnownFileType = sourcecode.swift; path = EnterPhoneNumberView.swift; sourceTree = "<group>"; };
		8F4245B2291951FB00DDC3BE /* EnterPhoneNumberViewController.swift */ = {isa = PBXFileReference; lastKnownFileType = sourcecode.swift; path = EnterPhoneNumberViewController.swift; sourceTree = "<group>"; };
		8F447E222923173300E7D19D /* EndPoint.swift */ = {isa = PBXFileReference; lastKnownFileType = sourcecode.swift; path = EndPoint.swift; sourceTree = "<group>"; };
		8F447E25292357F700E7D19D /* UserDefaultManager.swift */ = {isa = PBXFileReference; lastKnownFileType = sourcecode.swift; path = UserDefaultManager.swift; sourceTree = "<group>"; };
		8F447E27292395B100E7D19D /* GoogleService-Info.plist */ = {isa = PBXFileReference; fileEncoding = 4; lastKnownFileType = text.plist.xml; path = "GoogleService-Info.plist"; sourceTree = "<group>"; };
		8F564CA029210FB40035329C /* GenderView.swift */ = {isa = PBXFileReference; lastKnownFileType = sourcecode.swift; path = GenderView.swift; sourceTree = "<group>"; };
		8F564CA229210FBD0035329C /* GenderViewController.swift */ = {isa = PBXFileReference; lastKnownFileType = sourcecode.swift; path = GenderViewController.swift; sourceTree = "<group>"; };
		8F5B7D25292710A10022554B /* WithdrawViewController.swift */ = {isa = PBXFileReference; lastKnownFileType = sourcecode.swift; path = WithdrawViewController.swift; sourceTree = "<group>"; };
		8F5B7D2C29277DDA0022554B /* MyInfo.swift */ = {isa = PBXFileReference; lastKnownFileType = sourcecode.swift; path = MyInfo.swift; sourceTree = "<group>"; };
		8F6082B1291F89D4008B6E58 /* EmailView.swift */ = {isa = PBXFileReference; lastKnownFileType = sourcecode.swift; path = EmailView.swift; sourceTree = "<group>"; };
		8F6082B3291F8A98008B6E58 /* EmailViewController.swift */ = {isa = PBXFileReference; lastKnownFileType = sourcecode.swift; path = EmailViewController.swift; sourceTree = "<group>"; };
/* End PBXFileReference section */

/* Begin PBXFrameworksBuildPhase section */
		8F4245692918D45200DDC3BE /* Frameworks */ = {
			isa = PBXFrameworksBuildPhase;
			buildActionMask = 2147483647;
			files = (
				8F3DE1E62922855F0009D638 /* Alamofire in Frameworks */,
				8F3FA5CF291BA55400379423 /* FirebaseMessaging in Frameworks */,
				8F4003FF291A9EE20040D91B /* Toast in Frameworks */,
				8F3FA5CB291BA55400379423 /* FirebaseAuth in Frameworks */,
				8F3FA5C9291BA55400379423 /* FirebaseAnalyticsWithoutAdIdSupport in Frameworks */,
				8F3FA5CD291BA55400379423 /* FirebaseCrashlytics in Frameworks */,
				8F4245AF29194CAD00DDC3BE /* RxSwift in Frameworks */,
				8F4245AD29194CAD00DDC3BE /* RxCocoa in Frameworks */,
				8F4245942919007300DDC3BE /* SnapKit in Frameworks */,
				8F5B7D2A29274F560022554B /* MultiSlider in Frameworks */,
			);
			runOnlyForDeploymentPostprocessing = 0;
		};
/* End PBXFrameworksBuildPhase section */

/* Begin PBXGroup section */
		8F3380332924B9D2009AF898 /* Main */ = {
			isa = PBXGroup;
			children = (
				8F3380382924BBCA009AF898 /* TabBarController.swift */,
				8F3380352924BB6F009AF898 /* Home */,
				8F3380342924BB43009AF898 /* MyInfo */,
			);
			path = Main;
			sourceTree = "<group>";
		};
		8F3380342924BB43009AF898 /* MyInfo */ = {
			isa = PBXGroup;
			children = (
				8F33803C2924EF74009AF898 /* MyInfoView.swift */,
				8F33803A2924EE85009AF898 /* MyInfoViewController.swift */,
				8F33803E29251ACB009AF898 /* InfoManagement */,
			);
			path = MyInfo;
			sourceTree = "<group>";
		};
		8F3380352924BB6F009AF898 /* Home */ = {
			isa = PBXGroup;
			children = (
				8F3A1A0C29290FA700BCF0E8 /* HomeView.swift */,
				8F3380362924BB87009AF898 /* HomeViewController.swift */,
			);
			path = Home;
			sourceTree = "<group>";
		};
		8F33803E29251ACB009AF898 /* InfoManagement */ = {
			isa = PBXGroup;
			children = (
				8F3380452925210C009AF898 /* InfoCustomCells */,
				8F33804329251F80009AF898 /* MyDetailInfoView.swift */,
				8F33804129251F0D009AF898 /* InfoManagementView.swift */,
				8F367FC229263C0F006CEB55 /* InfoTableView.swift */,
				8F33803F29251ED4009AF898 /* InfoManagementViewController.swift */,
				8F5B7D25292710A10022554B /* WithdrawViewController.swift */,
			);
			path = InfoManagement;
			sourceTree = "<group>";
		};
		8F3380452925210C009AF898 /* InfoCustomCells */ = {
			isa = PBXGroup;
			children = (
				8F3380462925212D009AF898 /* InfoCustomCells.swift */,
			);
			path = InfoCustomCells;
			sourceTree = "<group>";
		};
		8F3DE1DE292282370009D638 /* Network */ = {
			isa = PBXGroup;
			children = (
				8F3DE1DF292282550009D638 /* APIKeys.swift */,
				8F3DE1E1292282740009D638 /* APIManager.swift */,
				8F447E222923173300E7D19D /* EndPoint.swift */,
			);
			path = Network;
			sourceTree = "<group>";
		};
		8F3FA5B2291B2A1600379423 /* NickName */ = {
			isa = PBXGroup;
			children = (
				8F3FA5B3291B2A3100379423 /* NickNameView.swift */,
				8F3FA5B5291B2F5D00379423 /* NickNameViewController.swift */,
			);
			path = NickName;
			sourceTree = "<group>";
		};
		8F3FA5D0291BDC5800379423 /* BirthDay */ = {
			isa = PBXGroup;
			children = (
				8F3FA5D1291BDC8900379423 /* BirthdayView.swift */,
				8F3FA5D3291BE76100379423 /* BirthdayViewController.swift */,
			);
			path = BirthDay;
			sourceTree = "<group>";
		};
		8F4003F7291A29AA0040D91B /* Extensions */ = {
			isa = PBXGroup;
			children = (
				8F4003F8291A29DD0040D91B /* Transition+Extensions.swift */,
				8F447E25292357F700E7D19D /* UserDefaultManager.swift */,
				8F4003FA291A593E0040D91B /* String+Extension.swift */,
			);
			path = Extensions;
			sourceTree = "<group>";
		};
		8F4245632918D45200DDC3BE = {
			isa = PBXGroup;
			children = (
				8F3FA5C3291B850000379423 /* .gitignore */,
				8F4245A0291904A200DDC3BE /* README.md */,
				8F42459F2919049100DDC3BE /* Todo.md */,
				8F42456E2918D45200DDC3BE /* SLP_FindStudyMembers */,
				8F42456D2918D45200DDC3BE /* Products */,
			);
			sourceTree = "<group>";
		};
		8F42456D2918D45200DDC3BE /* Products */ = {
			isa = PBXGroup;
			children = (
				8F42456C2918D45200DDC3BE /* SLP_FindStudyMembers.app */,
			);
			name = Products;
			sourceTree = "<group>";
		};
		8F42456E2918D45200DDC3BE /* SLP_FindStudyMembers */ = {
			isa = PBXGroup;
			children = (
				8F42456F2918D45200DDC3BE /* AppDelegate.swift */,
				8F4245712918D45200DDC3BE /* SceneDelegate.swift */,
				8F4245732918D45200DDC3BE /* ViewController.swift */,
				8F4245752918D45200DDC3BE /* Main.storyboard */,
				8F4003F7291A29AA0040D91B /* Extensions */,
				8F3DE1DE292282370009D638 /* Network */,
				8F4245972919023F00DDC3BE /* Constants */,
				8F42458F2918FEF800DDC3BE /* Utility */,
				8F5B7D2B29277DA40022554B /* Models */,
				8F42458B2918DD0A00DDC3BE /* Intro */,
				8F42458C2918FE4A00DDC3BE /* LogIn */,
				8F3380332924B9D2009AF898 /* Main */,
				8F4245782918D45300DDC3BE /* Assets.xcassets */,
				8F42457A2918D45300DDC3BE /* LaunchScreen.storyboard */,
				8F447E27292395B100E7D19D /* GoogleService-Info.plist */,
				8F42457D2918D45300DDC3BE /* Info.plist */,
			);
			path = SLP_FindStudyMembers;
			sourceTree = "<group>";
		};
		8F42458B2918DD0A00DDC3BE /* Intro */ = {
			isa = PBXGroup;
			children = (
				8F4245892918DD0500DDC3BE /* Intro.storyboard */,
			);
			path = Intro;
			sourceTree = "<group>";
		};
		8F42458C2918FE4A00DDC3BE /* LogIn */ = {
			isa = PBXGroup;
			children = (
				8F42458D2918FE9600DDC3BE /* LogInView.swift */,
				8F4245A829194C1E00DDC3BE /* LogInViewModel.swift */,
				8F4245A329190C9A00DDC3BE /* PhoneAuthorization */,
				8F3FA5B2291B2A1600379423 /* NickName */,
				8F3FA5D0291BDC5800379423 /* BirthDay */,
				8F6082B0291F89BB008B6E58 /* EnterEmail */,
				8F564C9F29210FA20035329C /* Gender */,
			);
			path = LogIn;
			sourceTree = "<group>";
		};
		8F42458F2918FEF800DDC3BE /* Utility */ = {
			isa = PBXGroup;
			children = (
				8F42459A2919031D00DDC3BE /* Customs */,
				8F424595291900DC00DDC3BE /* BaseView.swift */,
				8F4003F2291A22220040D91B /* BaseViewController.swift */,
				8F367FC02926286F006CEB55 /* ProfileCardView.swift */,
			);
			path = Utility;
			sourceTree = "<group>";
		};
		8F4245972919023F00DDC3BE /* Constants */ = {
			isa = PBXGroup;
			children = (
				8F4245A1291905FC00DDC3BE /* Constants.swift */,
				8F4245982919025B00DDC3BE /* Color.swift */,
			);
			path = Constants;
			sourceTree = "<group>";
		};
		8F42459A2919031D00DDC3BE /* Customs */ = {
			isa = PBXGroup;
			children = (
				8F42459B291903B000DDC3BE /* CustomButtons.swift */,
			);
			path = Customs;
			sourceTree = "<group>";
		};
		8F4245A329190C9A00DDC3BE /* PhoneAuthorization */ = {
			isa = PBXGroup;
			children = (
				8F4245A429190CD400DDC3BE /* PhoneAuthView.swift */,
				8F4245A629190D9F00DDC3BE /* PhoneAuthViewController.swift */,
				8F4245B029194EA700DDC3BE /* EnterPhoneNumberView.swift */,
				8F4245B2291951FB00DDC3BE /* EnterPhoneNumberViewController.swift */,
			);
			path = PhoneAuthorization;
			sourceTree = "<group>";
		};
		8F564C9F29210FA20035329C /* Gender */ = {
			isa = PBXGroup;
			children = (
				8F564CA029210FB40035329C /* GenderView.swift */,
				8F564CA229210FBD0035329C /* GenderViewController.swift */,
			);
			path = Gender;
			sourceTree = "<group>";
		};
		8F5B7D2B29277DA40022554B /* Models */ = {
			isa = PBXGroup;
			children = (
				8F5B7D2C29277DDA0022554B /* MyInfo.swift */,
			);
			path = Models;
			sourceTree = "<group>";
		};
		8F6082B0291F89BB008B6E58 /* EnterEmail */ = {
			isa = PBXGroup;
			children = (
				8F6082B1291F89D4008B6E58 /* EmailView.swift */,
				8F6082B3291F8A98008B6E58 /* EmailViewController.swift */,
			);
			path = EnterEmail;
			sourceTree = "<group>";
		};
/* End PBXGroup section */

/* Begin PBXNativeTarget section */
		8F42456B2918D45200DDC3BE /* SLP_FindStudyMembers */ = {
			isa = PBXNativeTarget;
			buildConfigurationList = 8F4245802918D45300DDC3BE /* Build configuration list for PBXNativeTarget "SLP_FindStudyMembers" */;
			buildPhases = (
				8F4245682918D45200DDC3BE /* Sources */,
				8F4245692918D45200DDC3BE /* Frameworks */,
				8F42456A2918D45200DDC3BE /* Resources */,
			);
			buildRules = (
			);
			dependencies = (
			);
			name = SLP_FindStudyMembers;
			packageProductDependencies = (
				8F4245932919007300DDC3BE /* SnapKit */,
				8F4245AC29194CAD00DDC3BE /* RxCocoa */,
				8F4245AE29194CAD00DDC3BE /* RxSwift */,
				8F4003FE291A9EE20040D91B /* Toast */,
				8F3FA5C8291BA55400379423 /* FirebaseAnalyticsWithoutAdIdSupport */,
				8F3FA5CA291BA55400379423 /* FirebaseAuth */,
				8F3FA5CC291BA55400379423 /* FirebaseCrashlytics */,
				8F3FA5CE291BA55400379423 /* FirebaseMessaging */,
				8F3DE1E52922855F0009D638 /* Alamofire */,
				8F5B7D2929274F560022554B /* MultiSlider */,
			);
			productName = SLP_FindStudyMembers;
			productReference = 8F42456C2918D45200DDC3BE /* SLP_FindStudyMembers.app */;
			productType = "com.apple.product-type.application";
		};
/* End PBXNativeTarget section */

/* Begin PBXProject section */
		8F4245642918D45200DDC3BE /* Project object */ = {
			isa = PBXProject;
			attributes = {
				BuildIndependentTargetsInParallel = 1;
				LastSwiftUpdateCheck = 1410;
				LastUpgradeCheck = 1410;
				TargetAttributes = {
					8F42456B2918D45200DDC3BE = {
						CreatedOnToolsVersion = 14.1;
					};
				};
			};
			buildConfigurationList = 8F4245672918D45200DDC3BE /* Build configuration list for PBXProject "SLP_FindStudyMembers" */;
			compatibilityVersion = "Xcode 14.0";
			developmentRegion = en;
			hasScannedForEncodings = 0;
			knownRegions = (
				en,
				Base,
			);
			mainGroup = 8F4245632918D45200DDC3BE;
			packageReferences = (
				8F4245922919007300DDC3BE /* XCRemoteSwiftPackageReference "SnapKit" */,
				8F4245AB29194CAD00DDC3BE /* XCRemoteSwiftPackageReference "RxSwift" */,
				8F4003FD291A9EE20040D91B /* XCRemoteSwiftPackageReference "Toast-Swift" */,
				8F3FA5C7291BA55400379423 /* XCRemoteSwiftPackageReference "firebase-ios-sdk" */,
				8F3DE1E42922855F0009D638 /* XCRemoteSwiftPackageReference "Alamofire" */,
				8F5B7D2829274F560022554B /* XCRemoteSwiftPackageReference "MultiSlider" */,
			);
			productRefGroup = 8F42456D2918D45200DDC3BE /* Products */;
			projectDirPath = "";
			projectRoot = "";
			targets = (
				8F42456B2918D45200DDC3BE /* SLP_FindStudyMembers */,
			);
		};
/* End PBXProject section */

/* Begin PBXResourcesBuildPhase section */
		8F42456A2918D45200DDC3BE /* Resources */ = {
			isa = PBXResourcesBuildPhase;
			buildActionMask = 2147483647;
			files = (
				8F42457C2918D45300DDC3BE /* LaunchScreen.storyboard in Resources */,
				8F4245792918D45300DDC3BE /* Assets.xcassets in Resources */,
				8F4245772918D45200DDC3BE /* Main.storyboard in Resources */,
				8F3FA5C4291B850000379423 /* .gitignore in Resources */,
				8F42458A2918DD0500DDC3BE /* Intro.storyboard in Resources */,
				8F447E28292395B100E7D19D /* GoogleService-Info.plist in Resources */,
			);
			runOnlyForDeploymentPostprocessing = 0;
		};
/* End PBXResourcesBuildPhase section */

/* Begin PBXSourcesBuildPhase section */
		8F4245682918D45200DDC3BE /* Sources */ = {
			isa = PBXSourcesBuildPhase;
			buildActionMask = 2147483647;
			files = (
				8F447E26292357F700E7D19D /* UserDefaultManager.swift in Sources */,
				8F3FA5B4291B2A3100379423 /* NickNameView.swift in Sources */,
				8F42459C291903B000DDC3BE /* CustomButtons.swift in Sources */,
				8F33804229251F0D009AF898 /* InfoManagementView.swift in Sources */,
				8F3380392924BBCA009AF898 /* TabBarController.swift in Sources */,
				8F3DE1E0292282550009D638 /* APIKeys.swift in Sources */,
				8F3DE1E2292282740009D638 /* APIManager.swift in Sources */,
				8F3FA5B6291B2F5D00379423 /* NickNameViewController.swift in Sources */,
				8F564CA129210FB40035329C /* GenderView.swift in Sources */,
				8F6082B2291F89D4008B6E58 /* EmailView.swift in Sources */,
				8F4245742918D45200DDC3BE /* ViewController.swift in Sources */,
				8F4003F9291A29DD0040D91B /* Transition+Extensions.swift in Sources */,
				8F3A1A0D29290FA700BCF0E8 /* HomeView.swift in Sources */,
				8F4245A2291905FC00DDC3BE /* Constants.swift in Sources */,
				8F367FC329263C0F006CEB55 /* InfoTableView.swift in Sources */,
				8F33804429251F80009AF898 /* MyDetailInfoView.swift in Sources */,
				8F4245702918D45200DDC3BE /* AppDelegate.swift in Sources */,
				8F4245A929194C1E00DDC3BE /* LogInViewModel.swift in Sources */,
				8F4003F3291A22220040D91B /* BaseViewController.swift in Sources */,
				8F564CA329210FBD0035329C /* GenderViewController.swift in Sources */,
				8F4245A729190D9F00DDC3BE /* PhoneAuthViewController.swift in Sources */,
				8F6082B4291F8A98008B6E58 /* EmailViewController.swift in Sources */,
				8F4003FB291A593E0040D91B /* String+Extension.swift in Sources */,
				8F4245992919025B00DDC3BE /* Color.swift in Sources */,
				8F33803B2924EE85009AF898 /* MyInfoViewController.swift in Sources */,
				8F3380372924BB87009AF898 /* HomeViewController.swift in Sources */,
				8F42458E2918FE9600DDC3BE /* LogInView.swift in Sources */,
				8F424596291900DC00DDC3BE /* BaseView.swift in Sources */,
				8F3380472925212D009AF898 /* InfoCustomCells.swift in Sources */,
				8F5B7D2D29277DDA0022554B /* MyInfo.swift in Sources */,
				8F33803D2924EF74009AF898 /* MyInfoView.swift in Sources */,
				8F4245B129194EA700DDC3BE /* EnterPhoneNumberView.swift in Sources */,
				8F3FA5D2291BDC8900379423 /* BirthdayView.swift in Sources */,
				8F5B7D26292710A10022554B /* WithdrawViewController.swift in Sources */,
				8F4245722918D45200DDC3BE /* SceneDelegate.swift in Sources */,
				8F4245A529190CD400DDC3BE /* PhoneAuthView.swift in Sources */,
				8F33804029251ED4009AF898 /* InfoManagementViewController.swift in Sources */,
				8F4245B3291951FB00DDC3BE /* EnterPhoneNumberViewController.swift in Sources */,
				8F447E232923173300E7D19D /* EndPoint.swift in Sources */,
				8F367FC12926286F006CEB55 /* ProfileCardView.swift in Sources */,
				8F3FA5D4291BE76100379423 /* BirthdayViewController.swift in Sources */,
			);
			runOnlyForDeploymentPostprocessing = 0;
		};
/* End PBXSourcesBuildPhase section */

/* Begin PBXVariantGroup section */
		8F4245752918D45200DDC3BE /* Main.storyboard */ = {
			isa = PBXVariantGroup;
			children = (
				8F4245762918D45200DDC3BE /* Base */,
			);
			name = Main.storyboard;
			sourceTree = "<group>";
		};
		8F42457A2918D45300DDC3BE /* LaunchScreen.storyboard */ = {
			isa = PBXVariantGroup;
			children = (
				8F42457B2918D45300DDC3BE /* Base */,
			);
			name = LaunchScreen.storyboard;
			sourceTree = "<group>";
		};
/* End PBXVariantGroup section */

/* Begin XCBuildConfiguration section */
		8F42457E2918D45300DDC3BE /* Debug */ = {
			isa = XCBuildConfiguration;
			buildSettings = {
				ALWAYS_SEARCH_USER_PATHS = NO;
				CLANG_ANALYZER_NONNULL = YES;
				CLANG_ANALYZER_NUMBER_OBJECT_CONVERSION = YES_AGGRESSIVE;
				CLANG_CXX_LANGUAGE_STANDARD = "gnu++20";
				CLANG_ENABLE_MODULES = YES;
				CLANG_ENABLE_OBJC_ARC = YES;
				CLANG_ENABLE_OBJC_WEAK = YES;
				CLANG_WARN_BLOCK_CAPTURE_AUTORELEASING = YES;
				CLANG_WARN_BOOL_CONVERSION = YES;
				CLANG_WARN_COMMA = YES;
				CLANG_WARN_CONSTANT_CONVERSION = YES;
				CLANG_WARN_DEPRECATED_OBJC_IMPLEMENTATIONS = YES;
				CLANG_WARN_DIRECT_OBJC_ISA_USAGE = YES_ERROR;
				CLANG_WARN_DOCUMENTATION_COMMENTS = YES;
				CLANG_WARN_EMPTY_BODY = YES;
				CLANG_WARN_ENUM_CONVERSION = YES;
				CLANG_WARN_INFINITE_RECURSION = YES;
				CLANG_WARN_INT_CONVERSION = YES;
				CLANG_WARN_NON_LITERAL_NULL_CONVERSION = YES;
				CLANG_WARN_OBJC_IMPLICIT_RETAIN_SELF = YES;
				CLANG_WARN_OBJC_LITERAL_CONVERSION = YES;
				CLANG_WARN_OBJC_ROOT_CLASS = YES_ERROR;
				CLANG_WARN_QUOTED_INCLUDE_IN_FRAMEWORK_HEADER = YES;
				CLANG_WARN_RANGE_LOOP_ANALYSIS = YES;
				CLANG_WARN_STRICT_PROTOTYPES = YES;
				CLANG_WARN_SUSPICIOUS_MOVE = YES;
				CLANG_WARN_UNGUARDED_AVAILABILITY = YES_AGGRESSIVE;
				CLANG_WARN_UNREACHABLE_CODE = YES;
				CLANG_WARN__DUPLICATE_METHOD_MATCH = YES;
				COPY_PHASE_STRIP = NO;
				DEBUG_INFORMATION_FORMAT = dwarf;
				ENABLE_STRICT_OBJC_MSGSEND = YES;
				ENABLE_TESTABILITY = YES;
				GCC_C_LANGUAGE_STANDARD = gnu11;
				GCC_DYNAMIC_NO_PIC = NO;
				GCC_NO_COMMON_BLOCKS = YES;
				GCC_OPTIMIZATION_LEVEL = 0;
				GCC_PREPROCESSOR_DEFINITIONS = (
					"DEBUG=1",
					"$(inherited)",
				);
				GCC_WARN_64_TO_32_BIT_CONVERSION = YES;
				GCC_WARN_ABOUT_RETURN_TYPE = YES_ERROR;
				GCC_WARN_UNDECLARED_SELECTOR = YES;
				GCC_WARN_UNINITIALIZED_AUTOS = YES_AGGRESSIVE;
				GCC_WARN_UNUSED_FUNCTION = YES;
				GCC_WARN_UNUSED_VARIABLE = YES;
				IPHONEOS_DEPLOYMENT_TARGET = 16.1;
				MTL_ENABLE_DEBUG_INFO = INCLUDE_SOURCE;
				MTL_FAST_MATH = YES;
				ONLY_ACTIVE_ARCH = YES;
				SDKROOT = iphoneos;
				SWIFT_ACTIVE_COMPILATION_CONDITIONS = DEBUG;
				SWIFT_OPTIMIZATION_LEVEL = "-Onone";
			};
			name = Debug;
		};
		8F42457F2918D45300DDC3BE /* Release */ = {
			isa = XCBuildConfiguration;
			buildSettings = {
				ALWAYS_SEARCH_USER_PATHS = NO;
				CLANG_ANALYZER_NONNULL = YES;
				CLANG_ANALYZER_NUMBER_OBJECT_CONVERSION = YES_AGGRESSIVE;
				CLANG_CXX_LANGUAGE_STANDARD = "gnu++20";
				CLANG_ENABLE_MODULES = YES;
				CLANG_ENABLE_OBJC_ARC = YES;
				CLANG_ENABLE_OBJC_WEAK = YES;
				CLANG_WARN_BLOCK_CAPTURE_AUTORELEASING = YES;
				CLANG_WARN_BOOL_CONVERSION = YES;
				CLANG_WARN_COMMA = YES;
				CLANG_WARN_CONSTANT_CONVERSION = YES;
				CLANG_WARN_DEPRECATED_OBJC_IMPLEMENTATIONS = YES;
				CLANG_WARN_DIRECT_OBJC_ISA_USAGE = YES_ERROR;
				CLANG_WARN_DOCUMENTATION_COMMENTS = YES;
				CLANG_WARN_EMPTY_BODY = YES;
				CLANG_WARN_ENUM_CONVERSION = YES;
				CLANG_WARN_INFINITE_RECURSION = YES;
				CLANG_WARN_INT_CONVERSION = YES;
				CLANG_WARN_NON_LITERAL_NULL_CONVERSION = YES;
				CLANG_WARN_OBJC_IMPLICIT_RETAIN_SELF = YES;
				CLANG_WARN_OBJC_LITERAL_CONVERSION = YES;
				CLANG_WARN_OBJC_ROOT_CLASS = YES_ERROR;
				CLANG_WARN_QUOTED_INCLUDE_IN_FRAMEWORK_HEADER = YES;
				CLANG_WARN_RANGE_LOOP_ANALYSIS = YES;
				CLANG_WARN_STRICT_PROTOTYPES = YES;
				CLANG_WARN_SUSPICIOUS_MOVE = YES;
				CLANG_WARN_UNGUARDED_AVAILABILITY = YES_AGGRESSIVE;
				CLANG_WARN_UNREACHABLE_CODE = YES;
				CLANG_WARN__DUPLICATE_METHOD_MATCH = YES;
				COPY_PHASE_STRIP = NO;
				DEBUG_INFORMATION_FORMAT = "dwarf-with-dsym";
				ENABLE_NS_ASSERTIONS = NO;
				ENABLE_STRICT_OBJC_MSGSEND = YES;
				GCC_C_LANGUAGE_STANDARD = gnu11;
				GCC_NO_COMMON_BLOCKS = YES;
				GCC_WARN_64_TO_32_BIT_CONVERSION = YES;
				GCC_WARN_ABOUT_RETURN_TYPE = YES_ERROR;
				GCC_WARN_UNDECLARED_SELECTOR = YES;
				GCC_WARN_UNINITIALIZED_AUTOS = YES_AGGRESSIVE;
				GCC_WARN_UNUSED_FUNCTION = YES;
				GCC_WARN_UNUSED_VARIABLE = YES;
				IPHONEOS_DEPLOYMENT_TARGET = 16.1;
				MTL_ENABLE_DEBUG_INFO = NO;
				MTL_FAST_MATH = YES;
				SDKROOT = iphoneos;
				SWIFT_COMPILATION_MODE = wholemodule;
				SWIFT_OPTIMIZATION_LEVEL = "-O";
				VALIDATE_PRODUCT = YES;
			};
			name = Release;
		};
		8F4245812918D45300DDC3BE /* Debug */ = {
			isa = XCBuildConfiguration;
			buildSettings = {
				ASSETCATALOG_COMPILER_APPICON_NAME = AppIcon;
				ASSETCATALOG_COMPILER_GLOBAL_ACCENT_COLOR_NAME = AccentColor;
				CODE_SIGN_STYLE = Automatic;
				CURRENT_PROJECT_VERSION = 1;
				DEVELOPMENT_TEAM = Z56UT2Z9KH;
				GENERATE_INFOPLIST_FILE = YES;
				INFOPLIST_FILE = SLP_FindStudyMembers/Info.plist;
				INFOPLIST_KEY_UIApplicationSupportsIndirectInputEvents = YES;
				INFOPLIST_KEY_UILaunchStoryboardName = LaunchScreen;
				INFOPLIST_KEY_UIMainStoryboardFile = Main;
				INFOPLIST_KEY_UISupportedInterfaceOrientations = UIInterfaceOrientationPortrait;
				INFOPLIST_KEY_UISupportedInterfaceOrientations_iPad = "UIInterfaceOrientationLandscapeLeft UIInterfaceOrientationLandscapeRight UIInterfaceOrientationPortrait UIInterfaceOrientationPortraitUpsideDown";
				IPHONEOS_DEPLOYMENT_TARGET = 15.0;
				LD_RUNPATH_SEARCH_PATHS = (
					"$(inherited)",
					"@executable_path/Frameworks",
				);
				MARKETING_VERSION = 1.0;
				PRODUCT_BUNDLE_IDENTIFIER = com.memolease.sesacslp;
				PRODUCT_NAME = "$(TARGET_NAME)";
				SUPPORTED_PLATFORMS = "iphoneos iphonesimulator";
				SUPPORTS_MACCATALYST = NO;
				SUPPORTS_MAC_DESIGNED_FOR_IPHONE_IPAD = NO;
				SWIFT_EMIT_LOC_STRINGS = YES;
				SWIFT_VERSION = 5.0;
				TARGETED_DEVICE_FAMILY = 1;
			};
			name = Debug;
		};
		8F4245822918D45300DDC3BE /* Release */ = {
			isa = XCBuildConfiguration;
			buildSettings = {
				ASSETCATALOG_COMPILER_APPICON_NAME = AppIcon;
				ASSETCATALOG_COMPILER_GLOBAL_ACCENT_COLOR_NAME = AccentColor;
				CODE_SIGN_STYLE = Automatic;
				CURRENT_PROJECT_VERSION = 1;
				DEVELOPMENT_TEAM = Z56UT2Z9KH;
				GENERATE_INFOPLIST_FILE = YES;
				INFOPLIST_FILE = SLP_FindStudyMembers/Info.plist;
				INFOPLIST_KEY_UIApplicationSupportsIndirectInputEvents = YES;
				INFOPLIST_KEY_UILaunchStoryboardName = LaunchScreen;
				INFOPLIST_KEY_UIMainStoryboardFile = Main;
				INFOPLIST_KEY_UISupportedInterfaceOrientations = UIInterfaceOrientationPortrait;
				INFOPLIST_KEY_UISupportedInterfaceOrientations_iPad = "UIInterfaceOrientationLandscapeLeft UIInterfaceOrientationLandscapeRight UIInterfaceOrientationPortrait UIInterfaceOrientationPortraitUpsideDown";
				IPHONEOS_DEPLOYMENT_TARGET = 15.0;
				LD_RUNPATH_SEARCH_PATHS = (
					"$(inherited)",
					"@executable_path/Frameworks",
				);
				MARKETING_VERSION = 1.0;
				PRODUCT_BUNDLE_IDENTIFIER = com.memolease.sesacslp;
				PRODUCT_NAME = "$(TARGET_NAME)";
				SUPPORTED_PLATFORMS = "iphoneos iphonesimulator";
				SUPPORTS_MACCATALYST = NO;
				SUPPORTS_MAC_DESIGNED_FOR_IPHONE_IPAD = NO;
				SWIFT_EMIT_LOC_STRINGS = YES;
				SWIFT_VERSION = 5.0;
				TARGETED_DEVICE_FAMILY = 1;
			};
			name = Release;
		};
/* End XCBuildConfiguration section */

/* Begin XCConfigurationList section */
		8F4245672918D45200DDC3BE /* Build configuration list for PBXProject "SLP_FindStudyMembers" */ = {
			isa = XCConfigurationList;
			buildConfigurations = (
				8F42457E2918D45300DDC3BE /* Debug */,
				8F42457F2918D45300DDC3BE /* Release */,
			);
			defaultConfigurationIsVisible = 0;
			defaultConfigurationName = Release;
		};
		8F4245802918D45300DDC3BE /* Build configuration list for PBXNativeTarget "SLP_FindStudyMembers" */ = {
			isa = XCConfigurationList;
			buildConfigurations = (
				8F4245812918D45300DDC3BE /* Debug */,
				8F4245822918D45300DDC3BE /* Release */,
			);
			defaultConfigurationIsVisible = 0;
			defaultConfigurationName = Release;
		};
/* End XCConfigurationList section */

/* Begin XCRemoteSwiftPackageReference section */
		8F3DE1E42922855F0009D638 /* XCRemoteSwiftPackageReference "Alamofire" */ = {
			isa = XCRemoteSwiftPackageReference;
			repositoryURL = "https://github.com/Alamofire/Alamofire.git";
			requirement = {
				kind = upToNextMajorVersion;
				minimumVersion = 5.0.0;
			};
		};
		8F3FA5C7291BA55400379423 /* XCRemoteSwiftPackageReference "firebase-ios-sdk" */ = {
			isa = XCRemoteSwiftPackageReference;
			repositoryURL = "https://github.com/firebase/firebase-ios-sdk";
			requirement = {
				kind = upToNextMajorVersion;
				minimumVersion = 9.0.0;
			};
		};
		8F4003FD291A9EE20040D91B /* XCRemoteSwiftPackageReference "Toast-Swift" */ = {
			isa = XCRemoteSwiftPackageReference;
			repositoryURL = "https://github.com/scalessec/Toast-Swift.git";
			requirement = {
				kind = upToNextMajorVersion;
				minimumVersion = 5.0.0;
			};
		};
		8F4245922919007300DDC3BE /* XCRemoteSwiftPackageReference "SnapKit" */ = {
			isa = XCRemoteSwiftPackageReference;
			repositoryURL = "https://github.com/SnapKit/SnapKit.git";
			requirement = {
				kind = upToNextMajorVersion;
				minimumVersion = 5.0.0;
			};
		};
		8F4245AB29194CAD00DDC3BE /* XCRemoteSwiftPackageReference "RxSwift" */ = {
			isa = XCRemoteSwiftPackageReference;
			repositoryURL = "https://github.com/ReactiveX/RxSwift.git";
			requirement = {
				kind = upToNextMajorVersion;
				minimumVersion = 6.0.0;
			};
		};
		8F5B7D2829274F560022554B /* XCRemoteSwiftPackageReference "MultiSlider" */ = {
			isa = XCRemoteSwiftPackageReference;
			repositoryURL = "https://github.com/yonat/MultiSlider.git";
			requirement = {
				kind = upToNextMajorVersion;
				minimumVersion = 1.0.0;
			};
		};
/* End XCRemoteSwiftPackageReference section */

/* Begin XCSwiftPackageProductDependency section */
		8F3DE1E52922855F0009D638 /* Alamofire */ = {
			isa = XCSwiftPackageProductDependency;
			package = 8F3DE1E42922855F0009D638 /* XCRemoteSwiftPackageReference "Alamofire" */;
			productName = Alamofire;
		};
		8F3FA5C8291BA55400379423 /* FirebaseAnalyticsWithoutAdIdSupport */ = {
			isa = XCSwiftPackageProductDependency;
			package = 8F3FA5C7291BA55400379423 /* XCRemoteSwiftPackageReference "firebase-ios-sdk" */;
			productName = FirebaseAnalyticsWithoutAdIdSupport;
		};
		8F3FA5CA291BA55400379423 /* FirebaseAuth */ = {
			isa = XCSwiftPackageProductDependency;
			package = 8F3FA5C7291BA55400379423 /* XCRemoteSwiftPackageReference "firebase-ios-sdk" */;
			productName = FirebaseAuth;
		};
		8F3FA5CC291BA55400379423 /* FirebaseCrashlytics */ = {
			isa = XCSwiftPackageProductDependency;
			package = 8F3FA5C7291BA55400379423 /* XCRemoteSwiftPackageReference "firebase-ios-sdk" */;
			productName = FirebaseCrashlytics;
		};
		8F3FA5CE291BA55400379423 /* FirebaseMessaging */ = {
			isa = XCSwiftPackageProductDependency;
			package = 8F3FA5C7291BA55400379423 /* XCRemoteSwiftPackageReference "firebase-ios-sdk" */;
			productName = FirebaseMessaging;
		};
		8F4003FE291A9EE20040D91B /* Toast */ = {
			isa = XCSwiftPackageProductDependency;
			package = 8F4003FD291A9EE20040D91B /* XCRemoteSwiftPackageReference "Toast-Swift" */;
			productName = Toast;
		};
		8F4245932919007300DDC3BE /* SnapKit */ = {
			isa = XCSwiftPackageProductDependency;
			package = 8F4245922919007300DDC3BE /* XCRemoteSwiftPackageReference "SnapKit" */;
			productName = SnapKit;
		};
		8F4245AC29194CAD00DDC3BE /* RxCocoa */ = {
			isa = XCSwiftPackageProductDependency;
			package = 8F4245AB29194CAD00DDC3BE /* XCRemoteSwiftPackageReference "RxSwift" */;
			productName = RxCocoa;
		};
		8F4245AE29194CAD00DDC3BE /* RxSwift */ = {
			isa = XCSwiftPackageProductDependency;
			package = 8F4245AB29194CAD00DDC3BE /* XCRemoteSwiftPackageReference "RxSwift" */;
			productName = RxSwift;
		};
		8F5B7D2929274F560022554B /* MultiSlider */ = {
			isa = XCSwiftPackageProductDependency;
			package = 8F5B7D2829274F560022554B /* XCRemoteSwiftPackageReference "MultiSlider" */;
			productName = MultiSlider;
		};
/* End XCSwiftPackageProductDependency section */
	};
	rootObject = 8F4245642918D45200DDC3BE /* Project object */;
}
